
Microsoft Visual Studio Solution File, Format Version 12.00
# Visual Studio 15
VisualStudioVersion = 15.0.28010.2050
MinimumVisualStudioVersion = 10.0.40219.1
Project("{FAE04EC0-301F-11D3-BF4B-00C04F79EFBC}") = "LibraryAPI", "LibraryAPI\LibraryAPI.csproj", "{BB5EF478-5D23-4EE8-8AA3-BB17D47D694D}"
EndProject
Global
	GlobalSection(SolutionConfigurationPlatforms) = preSolution
		Debug|Any CPU = Debug|Any CPU
		Release|Any CPU = Release|Any CPU
	EndGlobalSection
	GlobalSection(ProjectConfigurationPlatforms) = postSolution
		{BB5EF478-5D23-4EE8-8AA3-BB17D47D694D}.Debug|Any CPU.ActiveCfg = Debug|Any CPU
		{BB5EF478-5D23-4EE8-8AA3-BB17D47D694D}.Debug|Any CPU.Build.0 = Debug|Any CPU
		{BB5EF478-5D23-4EE8-8AA3-BB17D47D694D}.Release|Any CPU.ActiveCfg = Release|Any CPU
		{BB5EF478-5D23-4EE8-8AA3-BB17D47D694D}.Release|Any CPU.Build.0 = Release|Any CPU
	EndGlobalSection
	GlobalSection(SolutionProperties) = preSolution
		HideSolutionNode = FALSE
	EndGlobalSection
	GlobalSection(ExtensibilityGlobals) = postSolution
		SolutionGuid = {517D13FE-9298-45A0-AE72-41E0E426C865}
	EndGlobalSection
EndGlobal
